// !$*UTF8*$!
{
	archiveVersion = 1;
	classes = {
	};
	objectVersion = 48;
	objects = {

/* Begin PBXBuildFile section */
		08E07E4476927249A5A04ACB /* Pods_TODO_iOS.framework in Frameworks */ = {isa = PBXBuildFile; fileRef = 3B9283A4D3F2D34EE5FB743D /* Pods_TODO_iOS.framework */; };
		817BD69F20A71346000F4007 /* AppDelegate.swift in Sources */ = {isa = PBXBuildFile; fileRef = 817BD69E20A71346000F4007 /* AppDelegate.swift */; };
		817BD6A120A71346000F4007 /* ViewController.swift in Sources */ = {isa = PBXBuildFile; fileRef = 817BD6A020A71346000F4007 /* ViewController.swift */; };
		817BD6A420A71346000F4007 /* Main.storyboard in Resources */ = {isa = PBXBuildFile; fileRef = 817BD6A220A71346000F4007 /* Main.storyboard */; };
		817BD6A620A71346000F4007 /* Assets.xcassets in Resources */ = {isa = PBXBuildFile; fileRef = 817BD6A520A71346000F4007 /* Assets.xcassets */; };
		817BD6A920A71346000F4007 /* LaunchScreen.storyboard in Resources */ = {isa = PBXBuildFile; fileRef = 817BD6A720A71346000F4007 /* LaunchScreen.storyboard */; };
		817BD6B420A71346000F4007 /* TODO_iOSTests.swift in Sources */ = {isa = PBXBuildFile; fileRef = 817BD6B320A71346000F4007 /* TODO_iOSTests.swift */; };
		817BD6BF20A72184000F4007 /* CadastroViewControler.swift in Sources */ = {isa = PBXBuildFile; fileRef = 817BD6BE20A72184000F4007 /* CadastroViewControler.swift */; };
		817BD6C320A72A5A000F4007 /* ToDoTableViewCell.swift in Sources */ = {isa = PBXBuildFile; fileRef = 817BD6C220A72A5A000F4007 /* ToDoTableViewCell.swift */; };
		817BD6C520A72C4B000F4007 /* ToDoTableViewController.swift in Sources */ = {isa = PBXBuildFile; fileRef = 817BD6C420A72C4B000F4007 /* ToDoTableViewController.swift */; };
		817BD6C720A7521C000F4007 /* CreateToDoViewController.swift in Sources */ = {isa = PBXBuildFile; fileRef = 817BD6C620A7521C000F4007 /* CreateToDoViewController.swift */; };
/* End PBXBuildFile section */

/* Begin PBXContainerItemProxy section */
		817BD6B020A71346000F4007 /* PBXContainerItemProxy */ = {
			isa = PBXContainerItemProxy;
			containerPortal = 817BD69320A71346000F4007 /* Project object */;
			proxyType = 1;
			remoteGlobalIDString = 817BD69A20A71346000F4007;
			remoteInfo = TODO_iOS;
		};
/* End PBXContainerItemProxy section */

/* Begin PBXFileReference section */
		3B9283A4D3F2D34EE5FB743D /* Pods_TODO_iOS.framework */ = {isa = PBXFileReference; explicitFileType = wrapper.framework; includeInIndex = 0; path = Pods_TODO_iOS.framework; sourceTree = BUILT_PRODUCTS_DIR; };
		817BD69B20A71346000F4007 /* TODO_iOS.app */ = {isa = PBXFileReference; explicitFileType = wrapper.application; includeInIndex = 0; path = TODO_iOS.app; sourceTree = BUILT_PRODUCTS_DIR; };
		817BD69E20A71346000F4007 /* AppDelegate.swift */ = {isa = PBXFileReference; lastKnownFileType = sourcecode.swift; path = AppDelegate.swift; sourceTree = "<group>"; };
		817BD6A020A71346000F4007 /* ViewController.swift */ = {isa = PBXFileReference; lastKnownFileType = sourcecode.swift; path = ViewController.swift; sourceTree = "<group>"; };
		817BD6A320A71346000F4007 /* Base */ = {isa = PBXFileReference; lastKnownFileType = file.storyboard; name = Base; path = Base.lproj/Main.storyboard; sourceTree = "<group>"; };
		817BD6A520A71346000F4007 /* Assets.xcassets */ = {isa = PBXFileReference; lastKnownFileType = folder.assetcatalog; path = Assets.xcassets; sourceTree = "<group>"; };
		817BD6A820A71346000F4007 /* Base */ = {isa = PBXFileReference; lastKnownFileType = file.storyboard; name = Base; path = Base.lproj/LaunchScreen.storyboard; sourceTree = "<group>"; };
		817BD6AA20A71346000F4007 /* Info.plist */ = {isa = PBXFileReference; lastKnownFileType = text.plist.xml; path = Info.plist; sourceTree = "<group>"; };
		817BD6AF20A71346000F4007 /* TODO_iOSTests.xctest */ = {isa = PBXFileReference; explicitFileType = wrapper.cfbundle; includeInIndex = 0; path = TODO_iOSTests.xctest; sourceTree = BUILT_PRODUCTS_DIR; };
		817BD6B320A71346000F4007 /* TODO_iOSTests.swift */ = {isa = PBXFileReference; lastKnownFileType = sourcecode.swift; path = TODO_iOSTests.swift; sourceTree = "<group>"; };
		817BD6B520A71346000F4007 /* Info.plist */ = {isa = PBXFileReference; lastKnownFileType = text.plist.xml; path = Info.plist; sourceTree = "<group>"; };
		817BD6BE20A72184000F4007 /* CadastroViewControler.swift */ = {isa = PBXFileReference; lastKnownFileType = sourcecode.swift; path = CadastroViewControler.swift; sourceTree = "<group>"; };
		817BD6C220A72A5A000F4007 /* ToDoTableViewCell.swift */ = {isa = PBXFileReference; lastKnownFileType = sourcecode.swift; path = ToDoTableViewCell.swift; sourceTree = "<group>"; };
		817BD6C420A72C4B000F4007 /* ToDoTableViewController.swift */ = {isa = PBXFileReference; lastKnownFileType = sourcecode.swift; path = ToDoTableViewController.swift; sourceTree = "<group>"; };
		817BD6C620A7521C000F4007 /* CreateToDoViewController.swift */ = {isa = PBXFileReference; lastKnownFileType = sourcecode.swift; path = CreateToDoViewController.swift; sourceTree = "<group>"; };
		E3B5CFC0EFA7ADC569894292 /* Pods-TODO_iOS.debug.xcconfig */ = {isa = PBXFileReference; includeInIndex = 1; lastKnownFileType = text.xcconfig; name = "Pods-TODO_iOS.debug.xcconfig"; path = "Pods/Target Support Files/Pods-TODO_iOS/Pods-TODO_iOS.debug.xcconfig"; sourceTree = "<group>"; };
		EAA276B81654FE2CDBF936CB /* Pods-TODO_iOS.release.xcconfig */ = {isa = PBXFileReference; includeInIndex = 1; lastKnownFileType = text.xcconfig; name = "Pods-TODO_iOS.release.xcconfig"; path = "Pods/Target Support Files/Pods-TODO_iOS/Pods-TODO_iOS.release.xcconfig"; sourceTree = "<group>"; };
/* End PBXFileReference section */

/* Begin PBXFrameworksBuildPhase section */
		817BD69820A71346000F4007 /* Frameworks */ = {
			isa = PBXFrameworksBuildPhase;
			buildActionMask = 2147483647;
			files = (
				08E07E4476927249A5A04ACB /* Pods_TODO_iOS.framework in Frameworks */,
			);
			runOnlyForDeploymentPostprocessing = 0;
		};
		817BD6AC20A71346000F4007 /* Frameworks */ = {
			isa = PBXFrameworksBuildPhase;
			buildActionMask = 2147483647;
			files = (
			);
			runOnlyForDeploymentPostprocessing = 0;
		};
/* End PBXFrameworksBuildPhase section */

/* Begin PBXGroup section */
		549740463179B77D883D9412 /* Pods */ = {
			isa = PBXGroup;
			children = (
				E3B5CFC0EFA7ADC569894292 /* Pods-TODO_iOS.debug.xcconfig */,
				EAA276B81654FE2CDBF936CB /* Pods-TODO_iOS.release.xcconfig */,
			);
			name = Pods;
			sourceTree = "<group>";
		};
		817BD69220A71346000F4007 = {
			isa = PBXGroup;
			children = (
				817BD69D20A71346000F4007 /* TODO_iOS */,
				817BD6B220A71346000F4007 /* TODO_iOSTests */,
				817BD69C20A71346000F4007 /* Products */,
				549740463179B77D883D9412 /* Pods */,
				AD214BDDF9A4AD657A35F53E /* Frameworks */,
			);
			sourceTree = "<group>";
		};
		817BD69C20A71346000F4007 /* Products */ = {
			isa = PBXGroup;
			children = (
				817BD69B20A71346000F4007 /* TODO_iOS.app */,
				817BD6AF20A71346000F4007 /* TODO_iOSTests.xctest */,
			);
			name = Products;
			sourceTree = "<group>";
		};
		817BD69D20A71346000F4007 /* TODO_iOS */ = {
			isa = PBXGroup;
			children = (
				817BD6C220A72A5A000F4007 /* ToDoTableViewCell.swift */,
				817BD69E20A71346000F4007 /* AppDelegate.swift */,
				817BD6A020A71346000F4007 /* ViewController.swift */,
				817BD6A220A71346000F4007 /* Main.storyboard */,
				817BD6C620A7521C000F4007 /* CreateToDoViewController.swift */,
				817BD6C420A72C4B000F4007 /* ToDoTableViewController.swift */,
				817BD6BE20A72184000F4007 /* CadastroViewControler.swift */,
				817BD6A520A71346000F4007 /* Assets.xcassets */,
				817BD6A720A71346000F4007 /* LaunchScreen.storyboard */,
				817BD6AA20A71346000F4007 /* Info.plist */,
			);
			path = TODO_iOS;
			sourceTree = "<group>";
		};
		817BD6B220A71346000F4007 /* TODO_iOSTests */ = {
			isa = PBXGroup;
			children = (
				817BD6B320A71346000F4007 /* TODO_iOSTests.swift */,
				817BD6B520A71346000F4007 /* Info.plist */,
			);
			path = TODO_iOSTests;
			sourceTree = "<group>";
		};
		AD214BDDF9A4AD657A35F53E /* Frameworks */ = {
			isa = PBXGroup;
			children = (
				3B9283A4D3F2D34EE5FB743D /* Pods_TODO_iOS.framework */,
			);
			name = Frameworks;
			sourceTree = "<group>";
		};
/* End PBXGroup section */

/* Begin PBXNativeTarget section */
		817BD69A20A71346000F4007 /* TODO_iOS */ = {
			isa = PBXNativeTarget;
			buildConfigurationList = 817BD6B820A71346000F4007 /* Build configuration list for PBXNativeTarget "TODO_iOS" */;
			buildPhases = (
				D67A6486DC13D5EB35EDDA04 /* [CP] Check Pods Manifest.lock */,
				817BD69720A71346000F4007 /* Sources */,
				817BD69820A71346000F4007 /* Frameworks */,
				817BD69920A71346000F4007 /* Resources */,
				2E46BD9AF2B19B9BF9E14B7A /* [CP] Embed Pods Frameworks */,
			);
			buildRules = (
			);
			dependencies = (
			);
			name = TODO_iOS;
			productName = TODO_iOS;
			productReference = 817BD69B20A71346000F4007 /* TODO_iOS.app */;
			productType = "com.apple.product-type.application";
		};
		817BD6AE20A71346000F4007 /* TODO_iOSTests */ = {
			isa = PBXNativeTarget;
			buildConfigurationList = 817BD6BB20A71346000F4007 /* Build configuration list for PBXNativeTarget "TODO_iOSTests" */;
			buildPhases = (
				817BD6AB20A71346000F4007 /* Sources */,
				817BD6AC20A71346000F4007 /* Frameworks */,
				817BD6AD20A71346000F4007 /* Resources */,
			);
			buildRules = (
			);
			dependencies = (
				817BD6B120A71346000F4007 /* PBXTargetDependency */,
			);
			name = TODO_iOSTests;
			productName = TODO_iOSTests;
			productReference = 817BD6AF20A71346000F4007 /* TODO_iOSTests.xctest */;
			productType = "com.apple.product-type.bundle.unit-test";
		};
/* End PBXNativeTarget section */

/* Begin PBXProject section */
		817BD69320A71346000F4007 /* Project object */ = {
			isa = PBXProject;
			attributes = {
				LastSwiftUpdateCheck = 0920;
				LastUpgradeCheck = 0920;
				ORGANIZATIONNAME = "Joao Paulo";
				TargetAttributes = {
					817BD69A20A71346000F4007 = {
						CreatedOnToolsVersion = 9.2;
						ProvisioningStyle = Automatic;
					};
					817BD6AE20A71346000F4007 = {
						CreatedOnToolsVersion = 9.2;
						ProvisioningStyle = Automatic;
						TestTargetID = 817BD69A20A71346000F4007;
					};
				};
			};
			buildConfigurationList = 817BD69620A71346000F4007 /* Build configuration list for PBXProject "TODO_iOS" */;
			compatibilityVersion = "Xcode 8.0";
			developmentRegion = en;
			hasScannedForEncodings = 0;
			knownRegions = (
				en,
				Base,
			);
			mainGroup = 817BD69220A71346000F4007;
			productRefGroup = 817BD69C20A71346000F4007 /* Products */;
			projectDirPath = "";
			projectRoot = "";
			targets = (
				817BD69A20A71346000F4007 /* TODO_iOS */,
				817BD6AE20A71346000F4007 /* TODO_iOSTests */,
			);
		};
/* End PBXProject section */

/* Begin PBXResourcesBuildPhase section */
		817BD69920A71346000F4007 /* Resources */ = {
			isa = PBXResourcesBuildPhase;
			buildActionMask = 2147483647;
			files = (
				817BD6A920A71346000F4007 /* LaunchScreen.storyboard in Resources */,
				817BD6A620A71346000F4007 /* Assets.xcassets in Resources */,
				817BD6A420A71346000F4007 /* Main.storyboard in Resources */,
			);
			runOnlyForDeploymentPostprocessing = 0;
		};
		817BD6AD20A71346000F4007 /* Resources */ = {
			isa = PBXResourcesBuildPhase;
			buildActionMask = 2147483647;
			files = (
			);
			runOnlyForDeploymentPostprocessing = 0;
		};
/* End PBXResourcesBuildPhase section */

/* Begin PBXShellScriptBuildPhase section */
		2E46BD9AF2B19B9BF9E14B7A /* [CP] Embed Pods Frameworks */ = {
			isa = PBXShellScriptBuildPhase;
			buildActionMask = 2147483647;
			files = (
			);
			inputPaths = (
				"${SRCROOT}/Pods/Target Support Files/Pods-TODO_iOS/Pods-TODO_iOS-frameworks.sh",
				"${BUILT_PRODUCTS_DIR}/GTMSessionFetcher/GTMSessionFetcher.framework",
				"${BUILT_PRODUCTS_DIR}/GoogleToolboxForMac/GoogleToolboxForMac.framework",
				"${BUILT_PRODUCTS_DIR}/leveldb-library/leveldb.framework",
				"${BUILT_PRODUCTS_DIR}/nanopb/nanopb.framework",
			);
			name = "[CP] Embed Pods Frameworks";
			outputPaths = (
				"${TARGET_BUILD_DIR}/${FRAMEWORKS_FOLDER_PATH}/GTMSessionFetcher.framework",
				"${TARGET_BUILD_DIR}/${FRAMEWORKS_FOLDER_PATH}/GoogleToolboxForMac.framework",
				"${TARGET_BUILD_DIR}/${FRAMEWORKS_FOLDER_PATH}/leveldb.framework",
				"${TARGET_BUILD_DIR}/${FRAMEWORKS_FOLDER_PATH}/nanopb.framework",
			);
			runOnlyForDeploymentPostprocessing = 0;
			shellPath = /bin/sh;
			shellScript = "\"${SRCROOT}/Pods/Target Support Files/Pods-TODO_iOS/Pods-TODO_iOS-frameworks.sh\"\n";
			showEnvVarsInLog = 0;
		};
		D67A6486DC13D5EB35EDDA04 /* [CP] Check Pods Manifest.lock */ = {
			isa = PBXShellScriptBuildPhase;
			buildActionMask = 2147483647;
			files = (
			);
			inputPaths = (
				"${PODS_PODFILE_DIR_PATH}/Podfile.lock",
				"${PODS_ROOT}/Manifest.lock",
			);
			name = "[CP] Check Pods Manifest.lock";
			outputPaths = (
				"$(DERIVED_FILE_DIR)/Pods-TODO_iOS-checkManifestLockResult.txt",
			);
			runOnlyForDeploymentPostprocessing = 0;
			shellPath = /bin/sh;
			shellScript = "diff \"${PODS_PODFILE_DIR_PATH}/Podfile.lock\" \"${PODS_ROOT}/Manifest.lock\" > /dev/null\nif [ $? != 0 ] ; then\n    # print error to STDERR\n    echo \"error: The sandbox is not in sync with the Podfile.lock. Run 'pod install' or update your CocoaPods installation.\" >&2\n    exit 1\nfi\n# This output is used by Xcode 'outputs' to avoid re-running this script phase.\necho \"SUCCESS\" > \"${SCRIPT_OUTPUT_FILE_0}\"\n";
			showEnvVarsInLog = 0;
		};
/* End PBXShellScriptBuildPhase section */

/* Begin PBXSourcesBuildPhase section */
		817BD69720A71346000F4007 /* Sources */ = {
			isa = PBXSourcesBuildPhase;
			buildActionMask = 2147483647;
			files = (
				817BD6BF20A72184000F4007 /* CadastroViewControler.swift in Sources */,
				817BD6A120A71346000F4007 /* ViewController.swift in Sources */,
				817BD6C720A7521C000F4007 /* CreateToDoViewController.swift in Sources */,
				817BD69F20A71346000F4007 /* AppDelegate.swift in Sources */,
				817BD6C320A72A5A000F4007 /* ToDoTableViewCell.swift in Sources */,
				817BD6C520A72C4B000F4007 /* ToDoTableViewController.swift in Sources */,
			);
			runOnlyForDeploymentPostprocessing = 0;
		};
		817BD6AB20A71346000F4007 /* Sources */ = {
			isa = PBXSourcesBuildPhase;
			buildActionMask = 2147483647;
			files = (
				817BD6B420A71346000F4007 /* TODO_iOSTests.swift in Sources */,
			);
			runOnlyForDeploymentPostprocessing = 0;
		};
/* End PBXSourcesBuildPhase section */

/* Begin PBXTargetDependency section */
		817BD6B120A71346000F4007 /* PBXTargetDependency */ = {
			isa = PBXTargetDependency;
			target = 817BD69A20A71346000F4007 /* TODO_iOS */;
			targetProxy = 817BD6B020A71346000F4007 /* PBXContainerItemProxy */;
		};
/* End PBXTargetDependency section */

/* Begin PBXVariantGroup section */
		817BD6A220A71346000F4007 /* Main.storyboard */ = {
			isa = PBXVariantGroup;
			children = (
				817BD6A320A71346000F4007 /* Base */,
			);
			name = Main.storyboard;
			sourceTree = "<group>";
		};
		817BD6A720A71346000F4007 /* LaunchScreen.storyboard */ = {
			isa = PBXVariantGroup;
			children = (
				817BD6A820A71346000F4007 /* Base */,
			);
			name = LaunchScreen.storyboard;
			sourceTree = "<group>";
		};
/* End PBXVariantGroup section */

/* Begin XCBuildConfiguration section */
		817BD6B620A71346000F4007 /* Debug */ = {
			isa = XCBuildConfiguration;
			buildSettings = {
				ALWAYS_SEARCH_USER_PATHS = NO;
				CLANG_ANALYZER_NONNULL = YES;
				CLANG_ANALYZER_NUMBER_OBJECT_CONVERSION = YES_AGGRESSIVE;
				CLANG_CXX_LANGUAGE_STANDARD = "gnu++14";
				CLANG_CXX_LIBRARY = "libc++";
				CLANG_ENABLE_MODULES = YES;
				CLANG_ENABLE_OBJC_ARC = YES;
				CLANG_WARN_BLOCK_CAPTURE_AUTORELEASING = YES;
				CLANG_WARN_BOOL_CONVERSION = YES;
				CLANG_WARN_COMMA = YES;
				CLANG_WARN_CONSTANT_CONVERSION = YES;
				CLANG_WARN_DIRECT_OBJC_ISA_USAGE = YES_ERROR;
				CLANG_WARN_DOCUMENTATION_COMMENTS = YES;
				CLANG_WARN_EMPTY_BODY = YES;
				CLANG_WARN_ENUM_CONVERSION = YES;
				CLANG_WARN_INFINITE_RECURSION = YES;
				CLANG_WARN_INT_CONVERSION = YES;
				CLANG_WARN_NON_LITERAL_NULL_CONVERSION = YES;
				CLANG_WARN_OBJC_LITERAL_CONVERSION = YES;
				CLANG_WARN_OBJC_ROOT_CLASS = YES_ERROR;
				CLANG_WARN_RANGE_LOOP_ANALYSIS = YES;
				CLANG_WARN_STRICT_PROTOTYPES = YES;
				CLANG_WARN_SUSPICIOUS_MOVE = YES;
				CLANG_WARN_UNGUARDED_AVAILABILITY = YES_AGGRESSIVE;
				CLANG_WARN_UNREACHABLE_CODE = YES;
				CLANG_WARN__DUPLICATE_METHOD_MATCH = YES;
				CODE_SIGN_IDENTITY = "iPhone Developer";
				COPY_PHASE_STRIP = NO;
				DEBUG_INFORMATION_FORMAT = dwarf;
				ENABLE_STRICT_OBJC_MSGSEND = YES;
				ENABLE_TESTABILITY = YES;
				GCC_C_LANGUAGE_STANDARD = gnu11;
				GCC_DYNAMIC_NO_PIC = NO;
				GCC_NO_COMMON_BLOCKS = YES;
				GCC_OPTIMIZATION_LEVEL = 0;
				GCC_PREPROCESSOR_DEFINITIONS = (
					"DEBUG=1",
					"$(inherited)",
				);
				GCC_WARN_64_TO_32_BIT_CONVERSION = YES;
				GCC_WARN_ABOUT_RETURN_TYPE = YES_ERROR;
				GCC_WARN_UNDECLARED_SELECTOR = YES;
				GCC_WARN_UNINITIALIZED_AUTOS = YES_AGGRESSIVE;
				GCC_WARN_UNUSED_FUNCTION = YES;
				GCC_WARN_UNUSED_VARIABLE = YES;
				IPHONEOS_DEPLOYMENT_TARGET = 11.2;
				MTL_ENABLE_DEBUG_INFO = YES;
				ONLY_ACTIVE_ARCH = YES;
				SDKROOT = iphoneos;
				SWIFT_ACTIVE_COMPILATION_CONDITIONS = DEBUG;
				SWIFT_OPTIMIZATION_LEVEL = "-Onone";
			};
			name = Debug;
		};
		817BD6B720A71346000F4007 /* Release */ = {
			isa = XCBuildConfiguration;
			buildSettings = {
				ALWAYS_SEARCH_USER_PATHS = NO;
				CLANG_ANALYZER_NONNULL = YES;
				CLANG_ANALYZER_NUMBER_OBJECT_CONVERSION = YES_AGGRESSIVE;
				CLANG_CXX_LANGUAGE_STANDARD = "gnu++14";
				CLANG_CXX_LIBRARY = "libc++";
				CLANG_ENABLE_MODULES = YES;
				CLANG_ENABLE_OBJC_ARC = YES;
				CLANG_WARN_BLOCK_CAPTURE_AUTORELEASING = YES;
				CLANG_WARN_BOOL_CONVERSION = YES;
				CLANG_WARN_COMMA = YES;
				CLANG_WARN_CONSTANT_CONVERSION = YES;
				CLANG_WARN_DIRECT_OBJC_ISA_USAGE = YES_ERROR;
				CLANG_WARN_DOCUMENTATION_COMMENTS = YES;
				CLANG_WARN_EMPTY_BODY = YES;
				CLANG_WARN_ENUM_CONVERSION = YES;
				CLANG_WARN_INFINITE_RECURSION = YES;
				CLANG_WARN_INT_CONVERSION = YES;
				CLANG_WARN_NON_LITERAL_NULL_CONVERSION = YES;
				CLANG_WARN_OBJC_LITERAL_CONVERSION = YES;
				CLANG_WARN_OBJC_ROOT_CLASS = YES_ERROR;
				CLANG_WARN_RANGE_LOOP_ANALYSIS = YES;
				CLANG_WARN_STRICT_PROTOTYPES = YES;
				CLANG_WARN_SUSPICIOUS_MOVE = YES;
				CLANG_WARN_UNGUARDED_AVAILABILITY = YES_AGGRESSIVE;
				CLANG_WARN_UNREACHABLE_CODE = YES;
				CLANG_WARN__DUPLICATE_METHOD_MATCH = YES;
				CODE_SIGN_IDENTITY = "iPhone Developer";
				COPY_PHASE_STRIP = NO;
				DEBUG_INFORMATION_FORMAT = "dwarf-with-dsym";
				ENABLE_NS_ASSERTIONS = NO;
				ENABLE_STRICT_OBJC_MSGSEND = YES;
				GCC_C_LANGUAGE_STANDARD = gnu11;
				GCC_NO_COMMON_BLOCKS = YES;
				GCC_WARN_64_TO_32_BIT_CONVERSION = YES;
				GCC_WARN_ABOUT_RETURN_TYPE = YES_ERROR;
				GCC_WARN_UNDECLARED_SELECTOR = YES;
				GCC_WARN_UNINITIALIZED_AUTOS = YES_AGGRESSIVE;
				GCC_WARN_UNUSED_FUNCTION = YES;
				GCC_WARN_UNUSED_VARIABLE = YES;
				IPHONEOS_DEPLOYMENT_TARGET = 11.2;
				MTL_ENABLE_DEBUG_INFO = NO;
				SDKROOT = iphoneos;
				SWIFT_OPTIMIZATION_LEVEL = "-Owholemodule";
				VALIDATE_PRODUCT = YES;
			};
			name = Release;
		};
		817BD6B920A71346000F4007 /* Debug */ = {
			isa = XCBuildConfiguration;
			baseConfigurationReference = E3B5CFC0EFA7ADC569894292 /* Pods-TODO_iOS.debug.xcconfig */;
			buildSettings = {
				ASSETCATALOG_COMPILER_APPICON_NAME = AppIcon;
				CODE_SIGN_STYLE = Automatic;
				INFOPLIST_FILE = TODO_iOS/Info.plist;
				LD_RUNPATH_SEARCH_PATHS = "$(inherited) @executable_path/Frameworks";
				PRODUCT_BUNDLE_IDENTIFIER = "Turma-IV.TODO-iOS";
				PRODUCT_NAME = "$(TARGET_NAME)";
				SWIFT_VERSION = 4.0;
				TARGETED_DEVICE_FAMILY = "1,2";
			};
			name = Debug;
		};
		817BD6BA20A71346000F4007 /* Release */ = {
			isa = XCBuildConfiguration;
			baseConfigurationReference = EAA276B81654FE2CDBF936CB /* Pods-TODO_iOS.release.xcconfig */;
			buildSettings = {
				ASSETCATALOG_COMPILER_APPICON_NAME = AppIcon;
				CODE_SIGN_STYLE = Automatic;
				INFOPLIST_FILE = TODO_iOS/Info.plist;
				LD_RUNPATH_SEARCH_PATHS = "$(inherited) @executable_path/Frameworks";
				PRODUCT_BUNDLE_IDENTIFIER = "Turma-IV.TODO-iOS";
				PRODUCT_NAME = "$(TARGET_NAME)";
				SWIFT_VERSION = 4.0;
				TARGETED_DEVICE_FAMILY = "1,2";
			};
			name = Release;
		};
		817BD6BC20A71346000F4007 /* Debug */ = {
			isa = XCBuildConfiguration;
			buildSettings = {
				ALWAYS_EMBED_SWIFT_STANDARD_LIBRARIES = YES;
				BUNDLE_LOADER = "$(TEST_HOST)";
				CODE_SIGN_STYLE = Automatic;
				INFOPLIST_FILE = TODO_iOSTests/Info.plist;
				LD_RUNPATH_SEARCH_PATHS = "$(inherited) @executable_path/Frameworks @loader_path/Frameworks";
				PRODUCT_BUNDLE_IDENTIFIER = "Turma-IV.TODO-iOSTests";
				PRODUCT_NAME = "$(TARGET_NAME)";
				SWIFT_VERSION = 4.0;
				TARGETED_DEVICE_FAMILY = "1,2";
				TEST_HOST = "$(BUILT_PRODUCTS_DIR)/TODO_iOS.app/TODO_iOS";
			};
			name = Debug;
		};
		817BD6BD20A71346000F4007 /* Release */ = {
			isa = XCBuildConfiguration;
			buildSettings = {
				ALWAYS_EMBED_SWIFT_STANDARD_LIBRARIES = YES;
				BUNDLE_LOADER = "$(TEST_HOST)";
				CODE_SIGN_STYLE = Automatic;
				INFOPLIST_FILE = TODO_iOSTests/Info.plist;
				LD_RUNPATH_SEARCH_PATHS = "$(inherited) @executable_path/Frameworks @loader_path/Frameworks";
				PRODUCT_BUNDLE_IDENTIFIER = "Turma-IV.TODO-iOSTests";
				PRODUCT_NAME = "$(TARGET_NAME)";
				SWIFT_VERSION = 4.0;
				TARGETED_DEVICE_FAMILY = "1,2";
				TEST_HOST = "$(BUILT_PRODUCTS_DIR)/TODO_iOS.app/TODO_iOS";
			};
			name = Release;
		};
/* End XCBuildConfiguration section */

/* Begin XCConfigurationList section */
		817BD69620A71346000F4007 /* Build configuration list for PBXProject "TODO_iOS" */ = {
			isa = XCConfigurationList;
			buildConfigurations = (
				817BD6B620A71346000F4007 /* Debug */,
				817BD6B720A71346000F4007 /* Release */,
			);
			defaultConfigurationIsVisible = 0;
			defaultConfigurationName = Release;
		};
		817BD6B820A71346000F4007 /* Build configuration list for PBXNativeTarget "TODO_iOS" */ = {
			isa = XCConfigurationList;
			buildConfigurations = (
				817BD6B920A71346000F4007 /* Debug */,
				817BD6BA20A71346000F4007 /* Release */,
			);
			defaultConfigurationIsVisible = 0;
			defaultConfigurationName = Release;
		};
		817BD6BB20A71346000F4007 /* Build configuration list for PBXNativeTarget "TODO_iOSTests" */ = {
			isa = XCConfigurationList;
			buildConfigurations = (
				817BD6BC20A71346000F4007 /* Debug */,
				817BD6BD20A71346000F4007 /* Release */,
			);
			defaultConfigurationIsVisible = 0;
			defaultConfigurationName = Release;
		};
/* End XCConfigurationList section */
	};
	rootObject = 817BD69320A71346000F4007 /* Project object */;
}
